
Microsoft Visual Studio Solution File, Format Version 12.00
# Visual Studio Version 17
VisualStudioVersion = 17.9.34701.34
MinimumVisualStudioVersion = 10.0.40219.1
Project("{FAE04EC0-301F-11D3-BF4B-00C04F79EFBC}") = "RelacionamentosAPI", "RelacionamentosAPI\RelacionamentosAPI.csproj", "{DF1AC56F-0E18-4FEB-B3FD-362C59E32C75}"
EndProject
Global
	GlobalSection(SolutionConfigurationPlatforms) = preSolution
		Debug|Any CPU = Debug|Any CPU
		Release|Any CPU = Release|Any CPU
	EndGlobalSection
	GlobalSection(ProjectConfigurationPlatforms) = postSolution
		{DF1AC56F-0E18-4FEB-B3FD-362C59E32C75}.Debug|Any CPU.ActiveCfg = Debug|Any CPU
		{DF1AC56F-0E18-4FEB-B3FD-362C59E32C75}.Debug|Any CPU.Build.0 = Debug|Any CPU
		{DF1AC56F-0E18-4FEB-B3FD-362C59E32C75}.Release|Any CPU.ActiveCfg = Release|Any CPU
		{DF1AC56F-0E18-4FEB-B3FD-362C59E32C75}.Release|Any CPU.Build.0 = Release|Any CPU
	EndGlobalSection
	GlobalSection(SolutionProperties) = preSolution
		HideSolutionNode = FALSE
	EndGlobalSection
	GlobalSection(ExtensibilityGlobals) = postSolution
		SolutionGuid = {E29B94C4-D5B2-473F-BEAC-9F31A39CF827}
	EndGlobalSection
EndGlobal
